
Microsoft Visual Studio Solution File, Format Version 12.00
# Visual Studio Version 16
VisualStudioVersion = 16.0.30717.126
MinimumVisualStudioVersion = 10.0.40219.1
Project("{8BC9CEB8-8B4A-11D0-8D11-00A0C91BC942}") = "5", "Al\Al.vcxproj", "{E5C4C1C1-EDAB-40D5-9365-460E6B0A94C7}"
EndProject
Project("{8BC9CEB8-8B4A-11D0-8D11-00A0C91BC942}") = "3", "Matr\Matr.vcxproj", "{48E9672C-E4DE-4A2B-9C50-6FF783733CDB}"
EndProject
Project("{8BC9CEB8-8B4A-11D0-8D11-00A0C91BC942}") = "7", "Var2(7)\Var2(7).vcxproj", "{7398BB94-DFB2-4AFB-A231-0D091084C39D}"
EndProject
Project("{8BC9CEB8-8B4A-11D0-8D11-00A0C91BC942}") = "8", "мфк2(8)\мфк2(8).vcxproj", "{BE6DDF7D-4FD0-4BED-8DD3-14864A15B7D9}"
EndProject
Project("{8BC9CEB8-8B4A-11D0-8D11-00A0C91BC942}") = "9", "Tree\Tree.vcxproj", "{1B9DF7BE-A0D8-4379-9723-2A3D73F0D321}"
EndProject
Project("{8BC9CEB8-8B4A-11D0-8D11-00A0C91BC942}") = "4", "4\4.vcxproj", "{C6265B7B-0F17-463A-937F-9E136A75740C}"
EndProject
Project("{8BC9CEB8-8B4A-11D0-8D11-00A0C91BC942}") = "6", "6\6.vcxproj", "{6E086C87-952A-4CCE-A97F-DF3F3A41F0A3}"
EndProject
Project("{8BC9CEB8-8B4A-11D0-8D11-00A0C91BC942}") = "1", "1\1.vcxproj", "{01D129F0-3EC1-40A3-8C7A-3B138642774E}"
EndProject
Project("{8BC9CEB8-8B4A-11D0-8D11-00A0C91BC942}") = "2", "2\2.vcxproj", "{AE19E79D-2B52-4589-917D-70CF60BEC7B9}"
EndProject
Global
	GlobalSection(SolutionConfigurationPlatforms) = preSolution
		Debug|x64 = Debug|x64
		Debug|x86 = Debug|x86
		Release|x64 = Release|x64
		Release|x86 = Release|x86
	EndGlobalSection
	GlobalSection(ProjectConfigurationPlatforms) = postSolution
		{E5C4C1C1-EDAB-40D5-9365-460E6B0A94C7}.Debug|x64.ActiveCfg = Debug|x64
		{E5C4C1C1-EDAB-40D5-9365-460E6B0A94C7}.Debug|x64.Build.0 = Debug|x64
		{E5C4C1C1-EDAB-40D5-9365-460E6B0A94C7}.Debug|x86.ActiveCfg = Debug|Win32
		{E5C4C1C1-EDAB-40D5-9365-460E6B0A94C7}.Debug|x86.Build.0 = Debug|Win32
		{E5C4C1C1-EDAB-40D5-9365-460E6B0A94C7}.Release|x64.ActiveCfg = Release|x64
		{E5C4C1C1-EDAB-40D5-9365-460E6B0A94C7}.Release|x64.Build.0 = Release|x64
		{E5C4C1C1-EDAB-40D5-9365-460E6B0A94C7}.Release|x86.ActiveCfg = Release|Win32
		{E5C4C1C1-EDAB-40D5-9365-460E6B0A94C7}.Release|x86.Build.0 = Release|Win32
		{48E9672C-E4DE-4A2B-9C50-6FF783733CDB}.Debug|x64.ActiveCfg = Debug|x64
		{48E9672C-E4DE-4A2B-9C50-6FF783733CDB}.Debug|x64.Build.0 = Debug|x64
		{48E9672C-E4DE-4A2B-9C50-6FF783733CDB}.Debug|x86.ActiveCfg = Debug|Win32
		{48E9672C-E4DE-4A2B-9C50-6FF783733CDB}.Debug|x86.Build.0 = Debug|Win32
		{48E9672C-E4DE-4A2B-9C50-6FF783733CDB}.Release|x64.ActiveCfg = Release|x64
		{48E9672C-E4DE-4A2B-9C50-6FF783733CDB}.Release|x64.Build.0 = Release|x64
		{48E9672C-E4DE-4A2B-9C50-6FF783733CDB}.Release|x86.ActiveCfg = Release|Win32
		{48E9672C-E4DE-4A2B-9C50-6FF783733CDB}.Release|x86.Build.0 = Release|Win32
		{7398BB94-DFB2-4AFB-A231-0D091084C39D}.Debug|x64.ActiveCfg = Debug|x64
		{7398BB94-DFB2-4AFB-A231-0D091084C39D}.Debug|x64.Build.0 = Debug|x64
		{7398BB94-DFB2-4AFB-A231-0D091084C39D}.Debug|x86.ActiveCfg = Debug|Win32
		{7398BB94-DFB2-4AFB-A231-0D091084C39D}.Debug|x86.Build.0 = Debug|Win32
		{7398BB94-DFB2-4AFB-A231-0D091084C39D}.Release|x64.ActiveCfg = Release|x64
		{7398BB94-DFB2-4AFB-A231-0D091084C39D}.Release|x64.Build.0 = Release|x64
		{7398BB94-DFB2-4AFB-A231-0D091084C39D}.Release|x86.ActiveCfg = Release|Win32
		{7398BB94-DFB2-4AFB-A231-0D091084C39D}.Release|x86.Build.0 = Release|Win32
		{BE6DDF7D-4FD0-4BED-8DD3-14864A15B7D9}.Debug|x64.ActiveCfg = Debug|x64
		{BE6DDF7D-4FD0-4BED-8DD3-14864A15B7D9}.Debug|x64.Build.0 = Debug|x64
		{BE6DDF7D-4FD0-4BED-8DD3-14864A15B7D9}.Debug|x86.ActiveCfg = Debug|Win32
		{BE6DDF7D-4FD0-4BED-8DD3-14864A15B7D9}.Debug|x86.Build.0 = Debug|Win32
		{BE6DDF7D-4FD0-4BED-8DD3-14864A15B7D9}.Release|x64.ActiveCfg = Release|x64
		{BE6DDF7D-4FD0-4BED-8DD3-14864A15B7D9}.Release|x64.Build.0 = Release|x64
		{BE6DDF7D-4FD0-4BED-8DD3-14864A15B7D9}.Release|x86.ActiveCfg = Release|Win32
		{BE6DDF7D-4FD0-4BED-8DD3-14864A15B7D9}.Release|x86.Build.0 = Release|Win32
		{1B9DF7BE-A0D8-4379-9723-2A3D73F0D321}.Debug|x64.ActiveCfg = Debug|x64
		{1B9DF7BE-A0D8-4379-9723-2A3D73F0D321}.Debug|x64.Build.0 = Debug|x64
		{1B9DF7BE-A0D8-4379-9723-2A3D73F0D321}.Debug|x86.ActiveCfg = Debug|Win32
		{1B9DF7BE-A0D8-4379-9723-2A3D73F0D321}.Debug|x86.Build.0 = Debug|Win32
		{1B9DF7BE-A0D8-4379-9723-2A3D73F0D321}.Release|x64.ActiveCfg = Release|x64
		{1B9DF7BE-A0D8-4379-9723-2A3D73F0D321}.Release|x64.Build.0 = Release|x64
		{1B9DF7BE-A0D8-4379-9723-2A3D73F0D321}.Release|x86.ActiveCfg = Release|Win32
		{1B9DF7BE-A0D8-4379-9723-2A3D73F0D321}.Release|x86.Build.0 = Release|Win32
		{C6265B7B-0F17-463A-937F-9E136A75740C}.Debug|x64.ActiveCfg = Debug|x64
		{C6265B7B-0F17-463A-937F-9E136A75740C}.Debug|x64.Build.0 = Debug|x64
		{C6265B7B-0F17-463A-937F-9E136A75740C}.Debug|x86.ActiveCfg = Debug|Win32
		{C6265B7B-0F17-463A-937F-9E136A75740C}.Debug|x86.Build.0 = Debug|Win32
		{C6265B7B-0F17-463A-937F-9E136A75740C}.Release|x64.ActiveCfg = Release|x64
		{C6265B7B-0F17-463A-937F-9E136A75740C}.Release|x64.Build.0 = Release|x64
		{C6265B7B-0F17-463A-937F-9E136A75740C}.Release|x86.ActiveCfg = Release|Win32
		{C6265B7B-0F17-463A-937F-9E136A75740C}.Release|x86.Build.0 = Release|Win32
		{6E086C87-952A-4CCE-A97F-DF3F3A41F0A3}.Debug|x64.ActiveCfg = Debug|x64
		{6E086C87-952A-4CCE-A97F-DF3F3A41F0A3}.Debug|x64.Build.0 = Debug|x64
		{6E086C87-952A-4CCE-A97F-DF3F3A41F0A3}.Debug|x86.ActiveCfg = Debug|Win32
		{6E086C87-952A-4CCE-A97F-DF3F3A41F0A3}.Debug|x86.Build.0 = Debug|Win32
		{6E086C87-952A-4CCE-A97F-DF3F3A41F0A3}.Release|x64.ActiveCfg = Release|x64
		{6E086C87-952A-4CCE-A97F-DF3F3A41F0A3}.Release|x64.Build.0 = Release|x64
		{6E086C87-952A-4CCE-A97F-DF3F3A41F0A3}.Release|x86.ActiveCfg = Release|Win32
		{6E086C87-952A-4CCE-A97F-DF3F3A41F0A3}.Release|x86.Build.0 = Release|Win32
		{01D129F0-3EC1-40A3-8C7A-3B138642774E}.Debug|x64.ActiveCfg = Debug|x64
		{01D129F0-3EC1-40A3-8C7A-3B138642774E}.Debug|x64.Build.0 = Debug|x64
		{01D129F0-3EC1-40A3-8C7A-3B138642774E}.Debug|x86.ActiveCfg = Debug|Win32
		{01D129F0-3EC1-40A3-8C7A-3B138642774E}.Debug|x86.Build.0 = Debug|Win32
		{01D129F0-3EC1-40A3-8C7A-3B138642774E}.Release|x64.ActiveCfg = Release|x64
		{01D129F0-3EC1-40A3-8C7A-3B138642774E}.Release|x64.Build.0 = Release|x64
		{01D129F0-3EC1-40A3-8C7A-3B138642774E}.Release|x86.ActiveCfg = Release|Win32
		{01D129F0-3EC1-40A3-8C7A-3B138642774E}.Release|x86.Build.0 = Release|Win32
		{AE19E79D-2B52-4589-917D-70CF60BEC7B9}.Debug|x64.ActiveCfg = Debug|x64
		{AE19E79D-2B52-4589-917D-70CF60BEC7B9}.Debug|x64.Build.0 = Debug|x64
		{AE19E79D-2B52-4589-917D-70CF60BEC7B9}.Debug|x86.ActiveCfg = Debug|Win32
		{AE19E79D-2B52-4589-917D-70CF60BEC7B9}.Debug|x86.Build.0 = Debug|Win32
		{AE19E79D-2B52-4589-917D-70CF60BEC7B9}.Release|x64.ActiveCfg = Release|x64
		{AE19E79D-2B52-4589-917D-70CF60BEC7B9}.Release|x64.Build.0 = Release|x64
		{AE19E79D-2B52-4589-917D-70CF60BEC7B9}.Release|x86.ActiveCfg = Release|Win32
		{AE19E79D-2B52-4589-917D-70CF60BEC7B9}.Release|x86.Build.0 = Release|Win32
	EndGlobalSection
	GlobalSection(SolutionProperties) = preSolution
		HideSolutionNode = FALSE
	EndGlobalSection
	GlobalSection(ExtensibilityGlobals) = postSolution
		SolutionGuid = {A4CAE3F6-90F5-4228-AC82-4002DF84A535}
	EndGlobalSection
EndGlobal
